
Microsoft Visual Studio Solution File, Format Version 12.00
# Visual Studio Version 16
VisualStudioVersion = 16.0.30717.126
MinimumVisualStudioVersion = 10.0.40219.1
Project("{34036844-64E7-43A5-9151-4AD90E180989}") = "AzureIotEdgeApp02", "AzureIotEdgeApp02\AzureIotEdgeApp02.iotedgeproj", "{DCF98AD9-C60A-4782-8DFF-61E59B374DB7}"
EndProject
Project("{FAE04EC0-301F-11D3-BF4B-00C04F79EFBC}") = "IotEdgeModule02", "IotEdgeModule02\IotEdgeModule02.csproj", "{597DF437-842C-43F3-92E1-AB19BE6FA5B8}"
EndProject
Global
	GlobalSection(SolutionConfigurationPlatforms) = preSolution
		Debug|Any CPU = Debug|Any CPU
		Release|Any CPU = Release|Any CPU
	EndGlobalSection
	GlobalSection(ProjectConfigurationPlatforms) = postSolution
		{DCF98AD9-C60A-4782-8DFF-61E59B374DB7}.Debug|Any CPU.ActiveCfg = Debug|Any CPU
		{DCF98AD9-C60A-4782-8DFF-61E59B374DB7}.Debug|Any CPU.Build.0 = Debug|Any CPU
		{DCF98AD9-C60A-4782-8DFF-61E59B374DB7}.Release|Any CPU.ActiveCfg = Release|Any CPU
		{DCF98AD9-C60A-4782-8DFF-61E59B374DB7}.Release|Any CPU.Build.0 = Release|Any CPU
		{597DF437-842C-43F3-92E1-AB19BE6FA5B8}.Debug|Any CPU.ActiveCfg = Debug|Any CPU
		{597DF437-842C-43F3-92E1-AB19BE6FA5B8}.Debug|Any CPU.Build.0 = Debug|Any CPU
		{597DF437-842C-43F3-92E1-AB19BE6FA5B8}.Release|Any CPU.ActiveCfg = Release|Any CPU
		{597DF437-842C-43F3-92E1-AB19BE6FA5B8}.Release|Any CPU.Build.0 = Release|Any CPU
	EndGlobalSection
	GlobalSection(SolutionProperties) = preSolution
		HideSolutionNode = FALSE
	EndGlobalSection
	GlobalSection(ExtensibilityGlobals) = postSolution
		SolutionGuid = {2D6C446A-C7E2-4761-90B2-CF7732D46462}
	EndGlobalSection
EndGlobal
