
Microsoft Visual Studio Solution File, Format Version 12.00
# Visual Studio Version 16
VisualStudioVersion = 16.0.30717.126
MinimumVisualStudioVersion = 10.0.40219.1
Project("{FAE04EC0-301F-11D3-BF4B-00C04F79EFBC}") = "Device", "Device\Device.csproj", "{E737CF96-DD2C-4F98-856A-BE35505F54C9}"
EndProject
Project("{FAE04EC0-301F-11D3-BF4B-00C04F79EFBC}") = "ServiceClientApp", "ServiceClient\ServiceClientApp.csproj", "{66C8AB59-2818-4DE2-A4A1-A82CE161ABD5}"
EndProject
Global
	GlobalSection(SolutionConfigurationPlatforms) = preSolution
		Debug|Any CPU = Debug|Any CPU
		Release|Any CPU = Release|Any CPU
	EndGlobalSection
	GlobalSection(ProjectConfigurationPlatforms) = postSolution
		{E737CF96-DD2C-4F98-856A-BE35505F54C9}.Debug|Any CPU.ActiveCfg = Debug|Any CPU
		{E737CF96-DD2C-4F98-856A-BE35505F54C9}.Debug|Any CPU.Build.0 = Debug|Any CPU
		{E737CF96-DD2C-4F98-856A-BE35505F54C9}.Release|Any CPU.ActiveCfg = Release|Any CPU
		{E737CF96-DD2C-4F98-856A-BE35505F54C9}.Release|Any CPU.Build.0 = Release|Any CPU
		{66C8AB59-2818-4DE2-A4A1-A82CE161ABD5}.Debug|Any CPU.ActiveCfg = Debug|Any CPU
		{66C8AB59-2818-4DE2-A4A1-A82CE161ABD5}.Debug|Any CPU.Build.0 = Debug|Any CPU
		{66C8AB59-2818-4DE2-A4A1-A82CE161ABD5}.Release|Any CPU.ActiveCfg = Release|Any CPU
		{66C8AB59-2818-4DE2-A4A1-A82CE161ABD5}.Release|Any CPU.Build.0 = Release|Any CPU
	EndGlobalSection
	GlobalSection(SolutionProperties) = preSolution
		HideSolutionNode = FALSE
	EndGlobalSection
	GlobalSection(ExtensibilityGlobals) = postSolution
		SolutionGuid = {A3AEA6F3-4BF3-48B7-8C08-6D5B63B7E194}
	EndGlobalSection
EndGlobal
